
Microsoft Visual Studio Solution File, Format Version 12.00
# Visual Studio Version 17
VisualStudioVersion = 17.6.33829.357
MinimumVisualStudioVersion = 10.0.40219.1
Project("{FAE04EC0-301F-11D3-BF4B-00C04F79EFBC}") = "BusinessApplication(OOP)", "BusinessApplication(OOP)\BusinessApplication(OOP).csproj", "{FB935F4D-5027-4AFB-9414-4E46F9E4530F}"
EndProject
Global
	GlobalSection(SolutionConfigurationPlatforms) = preSolution
		Debug|Any CPU = Debug|Any CPU
		Release|Any CPU = Release|Any CPU
	EndGlobalSection
	GlobalSection(ProjectConfigurationPlatforms) = postSolution
		{FB935F4D-5027-4AFB-9414-4E46F9E4530F}.Debug|Any CPU.ActiveCfg = Debug|Any CPU
		{FB935F4D-5027-4AFB-9414-4E46F9E4530F}.Debug|Any CPU.Build.0 = Debug|Any CPU
		{FB935F4D-5027-4AFB-9414-4E46F9E4530F}.Release|Any CPU.ActiveCfg = Release|Any CPU
		{FB935F4D-5027-4AFB-9414-4E46F9E4530F}.Release|Any CPU.Build.0 = Release|Any CPU
	EndGlobalSection
	GlobalSection(SolutionProperties) = preSolution
		HideSolutionNode = FALSE
	EndGlobalSection
	GlobalSection(ExtensibilityGlobals) = postSolution
		SolutionGuid = {ADB8302B-057A-465F-93FA-65D07990CA1B}
	EndGlobalSection
EndGlobal
