
Microsoft Visual Studio Solution File, Format Version 12.00
# Visual Studio Version 17
VisualStudioVersion = 17.6.33829.357
MinimumVisualStudioVersion = 10.0.40219.1
Project("{FAE04EC0-301F-11D3-BF4B-00C04F79EFBC}") = "Week6", "Week6\Week6.csproj", "{13ACDF7D-FD00-4771-BB91-2AEF8C674890}"
EndProject
Global
	GlobalSection(SolutionConfigurationPlatforms) = preSolution
		Debug|Any CPU = Debug|Any CPU
		Release|Any CPU = Release|Any CPU
	EndGlobalSection
	GlobalSection(ProjectConfigurationPlatforms) = postSolution
		{13ACDF7D-FD00-4771-BB91-2AEF8C674890}.Debug|Any CPU.ActiveCfg = Debug|Any CPU
		{13ACDF7D-FD00-4771-BB91-2AEF8C674890}.Debug|Any CPU.Build.0 = Debug|Any CPU
		{13ACDF7D-FD00-4771-BB91-2AEF8C674890}.Release|Any CPU.ActiveCfg = Release|Any CPU
		{13ACDF7D-FD00-4771-BB91-2AEF8C674890}.Release|Any CPU.Build.0 = Release|Any CPU
	EndGlobalSection
	GlobalSection(SolutionProperties) = preSolution
		HideSolutionNode = FALSE
	EndGlobalSection
	GlobalSection(ExtensibilityGlobals) = postSolution
		SolutionGuid = {38A3F343-40FD-439B-803F-42910634C1A2}
	EndGlobalSection
EndGlobal
