
Microsoft Visual Studio Solution File, Format Version 12.00
# Visual Studio Version 17
VisualStudioVersion = 17.6.33829.357
MinimumVisualStudioVersion = 10.0.40219.1
Project("{FAE04EC0-301F-11D3-BF4B-00C04F79EFBC}") = "TASK01", "TASK01\TASK01.csproj", "{B183BD5F-9A96-462D-80CE-B8ECD3A3011C}"
EndProject
Global
	GlobalSection(SolutionConfigurationPlatforms) = preSolution
		Debug|Any CPU = Debug|Any CPU
		Release|Any CPU = Release|Any CPU
	EndGlobalSection
	GlobalSection(ProjectConfigurationPlatforms) = postSolution
		{B183BD5F-9A96-462D-80CE-B8ECD3A3011C}.Debug|Any CPU.ActiveCfg = Debug|Any CPU
		{B183BD5F-9A96-462D-80CE-B8ECD3A3011C}.Debug|Any CPU.Build.0 = Debug|Any CPU
		{B183BD5F-9A96-462D-80CE-B8ECD3A3011C}.Release|Any CPU.ActiveCfg = Release|Any CPU
		{B183BD5F-9A96-462D-80CE-B8ECD3A3011C}.Release|Any CPU.Build.0 = Release|Any CPU
	EndGlobalSection
	GlobalSection(SolutionProperties) = preSolution
		HideSolutionNode = FALSE
	EndGlobalSection
	GlobalSection(ExtensibilityGlobals) = postSolution
		SolutionGuid = {0F555765-A450-4B95-9BCF-E9E444F82A9A}
	EndGlobalSection
EndGlobal
