
Microsoft Visual Studio Solution File, Format Version 12.00
# Visual Studio Version 17
VisualStudioVersion = 17.6.33829.357
MinimumVisualStudioVersion = 10.0.40219.1
Project("{FAE04EC0-301F-11D3-BF4B-00C04F79EFBC}") = "Task1", "Task1\Task1.csproj", "{2E058060-A1EA-4A13-A824-3C200E2E77FC}"
EndProject
Global
	GlobalSection(SolutionConfigurationPlatforms) = preSolution
		Debug|Any CPU = Debug|Any CPU
		Release|Any CPU = Release|Any CPU
	EndGlobalSection
	GlobalSection(ProjectConfigurationPlatforms) = postSolution
		{2E058060-A1EA-4A13-A824-3C200E2E77FC}.Debug|Any CPU.ActiveCfg = Debug|Any CPU
		{2E058060-A1EA-4A13-A824-3C200E2E77FC}.Debug|Any CPU.Build.0 = Debug|Any CPU
		{2E058060-A1EA-4A13-A824-3C200E2E77FC}.Release|Any CPU.ActiveCfg = Release|Any CPU
		{2E058060-A1EA-4A13-A824-3C200E2E77FC}.Release|Any CPU.Build.0 = Release|Any CPU
	EndGlobalSection
	GlobalSection(SolutionProperties) = preSolution
		HideSolutionNode = FALSE
	EndGlobalSection
	GlobalSection(ExtensibilityGlobals) = postSolution
		SolutionGuid = {8178E344-9524-47A6-A4BE-D805730CCDCF}
	EndGlobalSection
EndGlobal
