
Microsoft Visual Studio Solution File, Format Version 12.00
# Visual Studio Version 17
VisualStudioVersion = 17.6.33829.357
MinimumVisualStudioVersion = 10.0.40219.1
Project("{FAE04EC0-301F-11D3-BF4B-00C04F79EFBC}") = "UAM", "UAM\UAM.csproj", "{5DC5F31A-D372-4B7B-8506-BB9063C5764D}"
EndProject
Global
	GlobalSection(SolutionConfigurationPlatforms) = preSolution
		Debug|Any CPU = Debug|Any CPU
		Release|Any CPU = Release|Any CPU
	EndGlobalSection
	GlobalSection(ProjectConfigurationPlatforms) = postSolution
		{5DC5F31A-D372-4B7B-8506-BB9063C5764D}.Debug|Any CPU.ActiveCfg = Debug|Any CPU
		{5DC5F31A-D372-4B7B-8506-BB9063C5764D}.Debug|Any CPU.Build.0 = Debug|Any CPU
		{5DC5F31A-D372-4B7B-8506-BB9063C5764D}.Release|Any CPU.ActiveCfg = Release|Any CPU
		{5DC5F31A-D372-4B7B-8506-BB9063C5764D}.Release|Any CPU.Build.0 = Release|Any CPU
	EndGlobalSection
	GlobalSection(SolutionProperties) = preSolution
		HideSolutionNode = FALSE
	EndGlobalSection
	GlobalSection(ExtensibilityGlobals) = postSolution
		SolutionGuid = {84F1A7F1-E798-44C6-8E6D-1656686BFE76}
	EndGlobalSection
EndGlobal
